
Microsoft Visual Studio Solution File, Format Version 12.00
# Visual Studio Version 16
VisualStudioVersion = 16.0.31729.503
MinimumVisualStudioVersion = 10.0.40219.1
Project("{FAE04EC0-301F-11D3-BF4B-00C04F79EFBC}") = "MeFamilyBackEnd", "MeFamilyBackEnd\MeFamilyBackEnd.csproj", "{4BE2CBE2-0B81-49EB-AEAB-0B2EB3021766}"
EndProject
Global
	GlobalSection(SolutionConfigurationPlatforms) = preSolution
		Debug|Any CPU = Debug|Any CPU
		Release|Any CPU = Release|Any CPU
	EndGlobalSection
	GlobalSection(ProjectConfigurationPlatforms) = postSolution
		{4BE2CBE2-0B81-49EB-AEAB-0B2EB3021766}.Debug|Any CPU.ActiveCfg = Debug|Any CPU
		{4BE2CBE2-0B81-49EB-AEAB-0B2EB3021766}.Debug|Any CPU.Build.0 = Debug|Any CPU
		{4BE2CBE2-0B81-49EB-AEAB-0B2EB3021766}.Release|Any CPU.ActiveCfg = Release|Any CPU
		{4BE2CBE2-0B81-49EB-AEAB-0B2EB3021766}.Release|Any CPU.Build.0 = Release|Any CPU
	EndGlobalSection
	GlobalSection(SolutionProperties) = preSolution
		HideSolutionNode = FALSE
	EndGlobalSection
	GlobalSection(ExtensibilityGlobals) = postSolution
		SolutionGuid = {435C6708-7BCE-4649-BBD0-A63F651C07D4}
	EndGlobalSection
EndGlobal
